
Microsoft Visual Studio Solution File, Format Version 12.00
# Visual Studio Version 16
VisualStudioVersion = 16.0.30225.117
MinimumVisualStudioVersion = 10.0.40219.1
Project("{FAE04EC0-301F-11D3-BF4B-00C04F79EFBC}") = "Exercio01Fixacao", "Exercio01Fixacao\Exercio01Fixacao.csproj", "{D433ED7D-7C05-4B72-A1CA-7A230A35C6B8}"
EndProject
Global
	GlobalSection(SolutionConfigurationPlatforms) = preSolution
		Debug|Any CPU = Debug|Any CPU
		Release|Any CPU = Release|Any CPU
	EndGlobalSection
	GlobalSection(ProjectConfigurationPlatforms) = postSolution
		{D433ED7D-7C05-4B72-A1CA-7A230A35C6B8}.Debug|Any CPU.ActiveCfg = Debug|Any CPU
		{D433ED7D-7C05-4B72-A1CA-7A230A35C6B8}.Debug|Any CPU.Build.0 = Debug|Any CPU
		{D433ED7D-7C05-4B72-A1CA-7A230A35C6B8}.Release|Any CPU.ActiveCfg = Release|Any CPU
		{D433ED7D-7C05-4B72-A1CA-7A230A35C6B8}.Release|Any CPU.Build.0 = Release|Any CPU
	EndGlobalSection
	GlobalSection(SolutionProperties) = preSolution
		HideSolutionNode = FALSE
	EndGlobalSection
	GlobalSection(ExtensibilityGlobals) = postSolution
		SolutionGuid = {D62C3B5F-E25E-4163-8011-0683E5A8EEA6}
	EndGlobalSection
EndGlobal
